
Microsoft Visual Studio Solution File, Format Version 12.00
# Visual Studio Version 17
VisualStudioVersion = 17.0.32014.148
MinimumVisualStudioVersion = 10.0.40219.1
Project("{FAE04EC0-301F-11D3-BF4B-00C04F79EFBC}") = "Задание 23", "Задание 23.csproj", "{D6CA8E78-3BD9-41AA-B6C1-049D1EDC5FBD}"
EndProject
Global
	GlobalSection(SolutionConfigurationPlatforms) = preSolution
		Debug|Any CPU = Debug|Any CPU
		Release|Any CPU = Release|Any CPU
	EndGlobalSection
	GlobalSection(ProjectConfigurationPlatforms) = postSolution
		{D6CA8E78-3BD9-41AA-B6C1-049D1EDC5FBD}.Debug|Any CPU.ActiveCfg = Debug|Any CPU
		{D6CA8E78-3BD9-41AA-B6C1-049D1EDC5FBD}.Debug|Any CPU.Build.0 = Debug|Any CPU
		{D6CA8E78-3BD9-41AA-B6C1-049D1EDC5FBD}.Release|Any CPU.ActiveCfg = Release|Any CPU
		{D6CA8E78-3BD9-41AA-B6C1-049D1EDC5FBD}.Release|Any CPU.Build.0 = Release|Any CPU
	EndGlobalSection
	GlobalSection(SolutionProperties) = preSolution
		HideSolutionNode = FALSE
	EndGlobalSection
	GlobalSection(ExtensibilityGlobals) = postSolution
		SolutionGuid = {86C50DA5-AFE2-45E9-99F3-D87CC7751009}
	EndGlobalSection
EndGlobal
